
Microsoft Visual Studio Solution File, Format Version 12.00
# Visual Studio 15
VisualStudioVersion = 15.0.28010.2003
MinimumVisualStudioVersion = 10.0.40219.1
Project("{FAE04EC0-301F-11D3-BF4B-00C04F79EFBC}") = "quizz 9", "quizz 9\quizz 9.csproj", "{6F8DFE1E-3904-4C0D-8219-B4A9BF5E2165}"
EndProject
Global
	GlobalSection(SolutionConfigurationPlatforms) = preSolution
		Debug|Any CPU = Debug|Any CPU
		Release|Any CPU = Release|Any CPU
	EndGlobalSection
	GlobalSection(ProjectConfigurationPlatforms) = postSolution
		{6F8DFE1E-3904-4C0D-8219-B4A9BF5E2165}.Debug|Any CPU.ActiveCfg = Debug|Any CPU
		{6F8DFE1E-3904-4C0D-8219-B4A9BF5E2165}.Debug|Any CPU.Build.0 = Debug|Any CPU
		{6F8DFE1E-3904-4C0D-8219-B4A9BF5E2165}.Release|Any CPU.ActiveCfg = Release|Any CPU
		{6F8DFE1E-3904-4C0D-8219-B4A9BF5E2165}.Release|Any CPU.Build.0 = Release|Any CPU
	EndGlobalSection
	GlobalSection(SolutionProperties) = preSolution
		HideSolutionNode = FALSE
	EndGlobalSection
	GlobalSection(ExtensibilityGlobals) = postSolution
		SolutionGuid = {E9BDD956-05A5-4613-915E-69698A1499B8}
	EndGlobalSection
EndGlobal
