
Microsoft Visual Studio Solution File, Format Version 12.00
# Visual Studio 15
VisualStudioVersion = 15.0.28010.2003
MinimumVisualStudioVersion = 10.0.40219.1
Project("{FAE04EC0-301F-11D3-BF4B-00C04F79EFBC}") = "quizz 5", "quizz 5\quizz 5.csproj", "{D90E9E14-E6A7-4300-9B04-7AD01F0A07C5}"
EndProject
Global
	GlobalSection(SolutionConfigurationPlatforms) = preSolution
		Debug|Any CPU = Debug|Any CPU
		Release|Any CPU = Release|Any CPU
	EndGlobalSection
	GlobalSection(ProjectConfigurationPlatforms) = postSolution
		{D90E9E14-E6A7-4300-9B04-7AD01F0A07C5}.Debug|Any CPU.ActiveCfg = Debug|Any CPU
		{D90E9E14-E6A7-4300-9B04-7AD01F0A07C5}.Debug|Any CPU.Build.0 = Debug|Any CPU
		{D90E9E14-E6A7-4300-9B04-7AD01F0A07C5}.Release|Any CPU.ActiveCfg = Release|Any CPU
		{D90E9E14-E6A7-4300-9B04-7AD01F0A07C5}.Release|Any CPU.Build.0 = Release|Any CPU
	EndGlobalSection
	GlobalSection(SolutionProperties) = preSolution
		HideSolutionNode = FALSE
	EndGlobalSection
	GlobalSection(ExtensibilityGlobals) = postSolution
		SolutionGuid = {AA5372E4-F831-4AB0-9F3A-28BA4DDCC401}
	EndGlobalSection
EndGlobal
