
Microsoft Visual Studio Solution File, Format Version 12.00
# Visual Studio 15
VisualStudioVersion = 15.0.28010.2003
MinimumVisualStudioVersion = 10.0.40219.1
Project("{FAE04EC0-301F-11D3-BF4B-00C04F79EFBC}") = "Quizzz 16", "Quizzz 16\Quizzz 16.csproj", "{EEA73456-7E36-4D97-9B0A-9C51044CA44C}"
EndProject
Global
	GlobalSection(SolutionConfigurationPlatforms) = preSolution
		Debug|Any CPU = Debug|Any CPU
		Release|Any CPU = Release|Any CPU
	EndGlobalSection
	GlobalSection(ProjectConfigurationPlatforms) = postSolution
		{EEA73456-7E36-4D97-9B0A-9C51044CA44C}.Debug|Any CPU.ActiveCfg = Debug|Any CPU
		{EEA73456-7E36-4D97-9B0A-9C51044CA44C}.Debug|Any CPU.Build.0 = Debug|Any CPU
		{EEA73456-7E36-4D97-9B0A-9C51044CA44C}.Release|Any CPU.ActiveCfg = Release|Any CPU
		{EEA73456-7E36-4D97-9B0A-9C51044CA44C}.Release|Any CPU.Build.0 = Release|Any CPU
	EndGlobalSection
	GlobalSection(SolutionProperties) = preSolution
		HideSolutionNode = FALSE
	EndGlobalSection
	GlobalSection(ExtensibilityGlobals) = postSolution
		SolutionGuid = {AEB39CE1-D9F4-4B06-A88B-A0FD4B0EACC0}
	EndGlobalSection
EndGlobal
