
Microsoft Visual Studio Solution File, Format Version 12.00
# Visual Studio 15
VisualStudioVersion = 15.0.28010.2003
MinimumVisualStudioVersion = 10.0.40219.1
Project("{FAE04EC0-301F-11D3-BF4B-00C04F79EFBC}") = "Quizz 12", "Quizz 12\Quizz 12.csproj", "{5F6BC600-ADFE-4AF6-83B9-6CBA43AFD99B}"
EndProject
Global
	GlobalSection(SolutionConfigurationPlatforms) = preSolution
		Debug|Any CPU = Debug|Any CPU
		Release|Any CPU = Release|Any CPU
	EndGlobalSection
	GlobalSection(ProjectConfigurationPlatforms) = postSolution
		{5F6BC600-ADFE-4AF6-83B9-6CBA43AFD99B}.Debug|Any CPU.ActiveCfg = Debug|Any CPU
		{5F6BC600-ADFE-4AF6-83B9-6CBA43AFD99B}.Debug|Any CPU.Build.0 = Debug|Any CPU
		{5F6BC600-ADFE-4AF6-83B9-6CBA43AFD99B}.Release|Any CPU.ActiveCfg = Release|Any CPU
		{5F6BC600-ADFE-4AF6-83B9-6CBA43AFD99B}.Release|Any CPU.Build.0 = Release|Any CPU
	EndGlobalSection
	GlobalSection(SolutionProperties) = preSolution
		HideSolutionNode = FALSE
	EndGlobalSection
	GlobalSection(ExtensibilityGlobals) = postSolution
		SolutionGuid = {807E6252-F2F4-4D7B-B0A3-64BA807E1BB6}
	EndGlobalSection
EndGlobal
