
Microsoft Visual Studio Solution File, Format Version 12.00
# Visual Studio 15
VisualStudioVersion = 15.0.28010.2003
MinimumVisualStudioVersion = 10.0.40219.1
Project("{FAE04EC0-301F-11D3-BF4B-00C04F79EFBC}") = "quizz 2", "quizz 2\quizz 2.csproj", "{3EEBD749-840D-4EA9-B8CE-4971077CC804}"
EndProject
Global
	GlobalSection(SolutionConfigurationPlatforms) = preSolution
		Debug|Any CPU = Debug|Any CPU
		Release|Any CPU = Release|Any CPU
	EndGlobalSection
	GlobalSection(ProjectConfigurationPlatforms) = postSolution
		{3EEBD749-840D-4EA9-B8CE-4971077CC804}.Debug|Any CPU.ActiveCfg = Debug|Any CPU
		{3EEBD749-840D-4EA9-B8CE-4971077CC804}.Debug|Any CPU.Build.0 = Debug|Any CPU
		{3EEBD749-840D-4EA9-B8CE-4971077CC804}.Release|Any CPU.ActiveCfg = Release|Any CPU
		{3EEBD749-840D-4EA9-B8CE-4971077CC804}.Release|Any CPU.Build.0 = Release|Any CPU
	EndGlobalSection
	GlobalSection(SolutionProperties) = preSolution
		HideSolutionNode = FALSE
	EndGlobalSection
	GlobalSection(ExtensibilityGlobals) = postSolution
		SolutionGuid = {95D4C5A8-E959-4376-8F69-704D8CB90AAB}
	EndGlobalSection
EndGlobal
